// !$*UTF8*$!
{
	archiveVersion = 1;
	classes = {
	};
	objectVersion = 46;
	objects = {

/* Begin PBXBuildFile section */
		8759B8261C52165C007FCE0A /* AppDelegate.swift in Sources */ = {isa = PBXBuildFile; fileRef = 8759B8251C52165C007FCE0A /* AppDelegate.swift */; };
		8759B8281C52165C007FCE0A /* ViewController.swift in Sources */ = {isa = PBXBuildFile; fileRef = 8759B8271C52165C007FCE0A /* ViewController.swift */; };
		8759B82B1C52165C007FCE0A /* Main.storyboard in Resources */ = {isa = PBXBuildFile; fileRef = 8759B8291C52165C007FCE0A /* Main.storyboard */; };
		8759B82D1C52165C007FCE0A /* Assets.xcassets in Resources */ = {isa = PBXBuildFile; fileRef = 8759B82C1C52165C007FCE0A /* Assets.xcassets */; };
		8759B8301C52165C007FCE0A /* LaunchScreen.storyboard in Resources */ = {isa = PBXBuildFile; fileRef = 8759B82E1C52165C007FCE0A /* LaunchScreen.storyboard */; };
		8759B83B1C52165C007FCE0A /* HomeAccessBeaconTests.swift in Sources */ = {isa = PBXBuildFile; fileRef = 8759B83A1C52165C007FCE0A /* HomeAccessBeaconTests.swift */; };
/* End PBXBuildFile section */

/* Begin PBXContainerItemProxy section */
		8759B8371C52165C007FCE0A /* PBXContainerItemProxy */ = {
			isa = PBXContainerItemProxy;
			containerPortal = 8759B81A1C52165C007FCE0A /* Project object */;
			proxyType = 1;
			remoteGlobalIDString = 8759B8211C52165C007FCE0A;
			remoteInfo = HomeAccessBeacon;
		};
/* End PBXContainerItemProxy section */

/* Begin PBXFileReference section */
		8759B8221C52165C007FCE0A /* HomeAccessBeacon.app */ = {isa = PBXFileReference; explicitFileType = wrapper.application; includeInIndex = 0; path = HomeAccessBeacon.app; sourceTree = BUILT_PRODUCTS_DIR; };
		8759B8251C52165C007FCE0A /* AppDelegate.swift */ = {isa = PBXFileReference; lastKnownFileType = sourcecode.swift; path = AppDelegate.swift; sourceTree = "<group>"; };
		8759B8271C52165C007FCE0A /* ViewController.swift */ = {isa = PBXFileReference; lastKnownFileType = sourcecode.swift; path = ViewController.swift; sourceTree = "<group>"; };
		8759B82A1C52165C007FCE0A /* Base */ = {isa = PBXFileReference; lastKnownFileType = file.storyboard; name = Base; path = Base.lproj/Main.storyboard; sourceTree = "<group>"; };
		8759B82C1C52165C007FCE0A /* Assets.xcassets */ = {isa = PBXFileReference; lastKnownFileType = folder.assetcatalog; path = Assets.xcassets; sourceTree = "<group>"; };
		8759B82F1C52165C007FCE0A /* Base */ = {isa = PBXFileReference; lastKnownFileType = file.storyboard; name = Base; path = Base.lproj/LaunchScreen.storyboard; sourceTree = "<group>"; };
		8759B8311C52165C007FCE0A /* Info.plist */ = {isa = PBXFileReference; lastKnownFileType = text.plist.xml; path = Info.plist; sourceTree = "<group>"; };
		8759B8361C52165C007FCE0A /* HomeAccessBeaconTests.xctest */ = {isa = PBXFileReference; explicitFileType = wrapper.cfbundle; includeInIndex = 0; path = HomeAccessBeaconTests.xctest; sourceTree = BUILT_PRODUCTS_DIR; };
		8759B83A1C52165C007FCE0A /* HomeAccessBeaconTests.swift */ = {isa = PBXFileReference; lastKnownFileType = sourcecode.swift; path = HomeAccessBeaconTests.swift; sourceTree = "<group>"; };
		8759B83C1C52165C007FCE0A /* Info.plist */ = {isa = PBXFileReference; lastKnownFileType = text.plist.xml; path = Info.plist; sourceTree = "<group>"; };
/* End PBXFileReference section */

/* Begin PBXFrameworksBuildPhase section */
		8759B81F1C52165C007FCE0A /* Frameworks */ = {
			isa = PBXFrameworksBuildPhase;
			buildActionMask = 2147483647;
			files = (
			);
			runOnlyForDeploymentPostprocessing = 0;
		};
		8759B8331C52165C007FCE0A /* Frameworks */ = {
			isa = PBXFrameworksBuildPhase;
			buildActionMask = 2147483647;
			files = (
			);
			runOnlyForDeploymentPostprocessing = 0;
		};
/* End PBXFrameworksBuildPhase section */

/* Begin PBXGroup section */
		8759B8191C52165C007FCE0A = {
			isa = PBXGroup;
			children = (
				8759B8241C52165C007FCE0A /* HomeAccessBeacon */,
				8759B8391C52165C007FCE0A /* HomeAccessBeaconTests */,
				8759B8231C52165C007FCE0A /* Products */,
			);
			sourceTree = "<group>";
		};
		8759B8231C52165C007FCE0A /* Products */ = {
			isa = PBXGroup;
			children = (
				8759B8221C52165C007FCE0A /* HomeAccessBeacon.app */,
				8759B8361C52165C007FCE0A /* HomeAccessBeaconTests.xctest */,
			);
			name = Products;
			sourceTree = "<group>";
		};
		8759B8241C52165C007FCE0A /* HomeAccessBeacon */ = {
			isa = PBXGroup;
			children = (
				8759B8251C52165C007FCE0A /* AppDelegate.swift */,
				8759B8271C52165C007FCE0A /* ViewController.swift */,
				8759B8291C52165C007FCE0A /* Main.storyboard */,
				8759B82C1C52165C007FCE0A /* Assets.xcassets */,
				8759B82E1C52165C007FCE0A /* LaunchScreen.storyboard */,
				8759B8311C52165C007FCE0A /* Info.plist */,
			);
			path = HomeAccessBeacon;
			sourceTree = "<group>";
		};
		8759B8391C52165C007FCE0A /* HomeAccessBeaconTests */ = {
			isa = PBXGroup;
			children = (
				8759B83A1C52165C007FCE0A /* HomeAccessBeaconTests.swift */,
				8759B83C1C52165C007FCE0A /* Info.plist */,
			);
			path = HomeAccessBeaconTests;
			sourceTree = "<group>";
		};
/* End PBXGroup section */

/* Begin PBXNativeTarget section */
		8759B8211C52165C007FCE0A /* HomeAccessBeacon */ = {
			isa = PBXNativeTarget;
			buildConfigurationList = 8759B83F1C52165C007FCE0A /* Build configuration list for PBXNativeTarget "HomeAccessBeacon" */;
			buildPhases = (
				8759B81E1C52165C007FCE0A /* Sources */,
				8759B81F1C52165C007FCE0A /* Frameworks */,
				8759B8201C52165C007FCE0A /* Resources */,
			);
			buildRules = (
			);
			dependencies = (
			);
			name = HomeAccessBeacon;
			productName = HomeAccessBeacon;
			productReference = 8759B8221C52165C007FCE0A /* HomeAccessBeacon.app */;
			productType = "com.apple.product-type.application";
		};
		8759B8351C52165C007FCE0A /* HomeAccessBeaconTests */ = {
			isa = PBXNativeTarget;
			buildConfigurationList = 8759B8421C52165C007FCE0A /* Build configuration list for PBXNativeTarget "HomeAccessBeaconTests" */;
			buildPhases = (
				8759B8321C52165C007FCE0A /* Sources */,
				8759B8331C52165C007FCE0A /* Frameworks */,
				8759B8341C52165C007FCE0A /* Resources */,
			);
			buildRules = (
			);
			dependencies = (
				8759B8381C52165C007FCE0A /* PBXTargetDependency */,
			);
			name = HomeAccessBeaconTests;
			productName = HomeAccessBeaconTests;
			productReference = 8759B8361C52165C007FCE0A /* HomeAccessBeaconTests.xctest */;
			productType = "com.apple.product-type.bundle.unit-test";
		};
/* End PBXNativeTarget section */

/* Begin PBXProject section */
		8759B81A1C52165C007FCE0A /* Project object */ = {
			isa = PBXProject;
			attributes = {
				LastSwiftUpdateCheck = 0720;
				LastUpgradeCheck = 0720;
				ORGANIZATIONNAME = MarcoLi;
				TargetAttributes = {
					8759B8211C52165C007FCE0A = {
						CreatedOnToolsVersion = 7.2;
					};
					8759B8351C52165C007FCE0A = {
						CreatedOnToolsVersion = 7.2;
						TestTargetID = 8759B8211C52165C007FCE0A;
					};
				};
			};
			buildConfigurationList = 8759B81D1C52165C007FCE0A /* Build configuration list for PBXProject "HomeAccessBeacon" */;
			compatibilityVersion = "Xcode 3.2";
			developmentRegion = English;
			hasScannedForEncodings = 0;
			knownRegions = (
				en,
				Base,
			);
			mainGroup = 8759B8191C52165C007FCE0A;
			productRefGroup = 8759B8231C52165C007FCE0A /* Products */;
			projectDirPath = "";
			projectRoot = "";
			targets = (
				8759B8211C52165C007FCE0A /* HomeAccessBeacon */,
				8759B8351C52165C007FCE0A /* HomeAccessBeaconTests */,
			);
		};
/* End PBXProject section */

/* Begin PBXResourcesBuildPhase section */
		8759B8201C52165C007FCE0A /* Resources */ = {
			isa = PBXResourcesBuildPhase;
			buildActionMask = 2147483647;
			files = (
				8759B8301C52165C007FCE0A /* LaunchScreen.storyboard in Resources */,
				8759B82D1C52165C007FCE0A /* Assets.xcassets in Resources */,
				8759B82B1C52165C007FCE0A /* Main.storyboard in Resources */,
			);
			runOnlyForDeploymentPostprocessing = 0;
		};
		8759B8341C52165C007FCE0A /* Resources */ = {
			isa = PBXResourcesBuildPhase;
			buildActionMask = 2147483647;
			files = (
			);
			runOnlyForDeploymentPostprocessing = 0;
		};
/* End PBXResourcesBuildPhase section */

/* Begin PBXSourcesBuildPhase section */
		8759B81E1C52165C007FCE0A /* Sources */ = {
			isa = PBXSourcesBuildPhase;
			buildActionMask = 2147483647;
			files = (
				8759B8281C52165C007FCE0A /* ViewController.swift in Sources */,
				8759B8261C52165C007FCE0A /* AppDelegate.swift in Sources */,
			);
			runOnlyForDeploymentPostprocessing = 0;
		};
		8759B8321C52165C007FCE0A /* Sources */ = {
			isa = PBXSourcesBuildPhase;
			buildActionMask = 2147483647;
			files = (
				8759B83B1C52165C007FCE0A /* HomeAccessBeaconTests.swift in Sources */,
			);
			runOnlyForDeploymentPostprocessing = 0;
		};
/* End PBXSourcesBuildPhase section */

/* Begin PBXTargetDependency section */
		8759B8381C52165C007FCE0A /* PBXTargetDependency */ = {
			isa = PBXTargetDependency;
			target = 8759B8211C52165C007FCE0A /* HomeAccessBeacon */;
			targetProxy = 8759B8371C52165C007FCE0A /* PBXContainerItemProxy */;
		};
/* End PBXTargetDependency section */

/* Begin PBXVariantGroup section */
		8759B8291C52165C007FCE0A /* Main.storyboard */ = {
			isa = PBXVariantGroup;
			children = (
				8759B82A1C52165C007FCE0A /* Base */,
			);
			name = Main.storyboard;
			sourceTree = "<group>";
		};
		8759B82E1C52165C007FCE0A /* LaunchScreen.storyboard */ = {
			isa = PBXVariantGroup;
			children = (
				8759B82F1C52165C007FCE0A /* Base */,
			);
			name = LaunchScreen.storyboard;
			sourceTree = "<group>";
		};
/* End PBXVariantGroup section */

/* Begin XCBuildConfiguration section */
		8759B83D1C52165C007FCE0A /* Debug */ = {
			isa = XCBuildConfiguration;
			buildSettings = {
				ALWAYS_SEARCH_USER_PATHS = NO;
				CLANG_CXX_LANGUAGE_STANDARD = "gnu++0x";
				CLANG_CXX_LIBRARY = "libc++";
				CLANG_ENABLE_MODULES = YES;
				CLANG_ENABLE_OBJC_ARC = YES;
				CLANG_WARN_BOOL_CONVERSION = YES;
				CLANG_WARN_CONSTANT_CONVERSION = YES;
				CLANG_WARN_DIRECT_OBJC_ISA_USAGE = YES_ERROR;
				CLANG_WARN_EMPTY_BODY = YES;
				CLANG_WARN_ENUM_CONVERSION = YES;
				CLANG_WARN_INT_CONVERSION = YES;
				CLANG_WARN_OBJC_ROOT_CLASS = YES_ERROR;
				CLANG_WARN_UNREACHABLE_CODE = YES;
				CLANG_WARN__DUPLICATE_METHOD_MATCH = YES;
				"CODE_SIGN_IDENTITY[sdk=iphoneos*]" = "iPhone Developer";
				COPY_PHASE_STRIP = NO;
				DEBUG_INFORMATION_FORMAT = dwarf;
				ENABLE_STRICT_OBJC_MSGSEND = YES;
				ENABLE_TESTABILITY = YES;
				GCC_C_LANGUAGE_STANDARD = gnu99;
				GCC_DYNAMIC_NO_PIC = NO;
				GCC_NO_COMMON_BLOCKS = YES;
				GCC_OPTIMIZATION_LEVEL = 0;
				GCC_PREPROCESSOR_DEFINITIONS = (
					"DEBUG=1",
					"$(inherited)",
				);
				GCC_WARN_64_TO_32_BIT_CONVERSION = YES;
				GCC_WARN_ABOUT_RETURN_TYPE = YES_ERROR;
				GCC_WARN_UNDECLARED_SELECTOR = YES;
				GCC_WARN_UNINITIALIZED_AUTOS = YES_AGGRESSIVE;
				GCC_WARN_UNUSED_FUNCTION = YES;
				GCC_WARN_UNUSED_VARIABLE = YES;
				IPHONEOS_DEPLOYMENT_TARGET = 9.2;
				MTL_ENABLE_DEBUG_INFO = YES;
				ONLY_ACTIVE_ARCH = YES;
				SDKROOT = iphoneos;
				SWIFT_OPTIMIZATION_LEVEL = "-Onone";
			};
			name = Debug;
		};
		8759B83E1C52165C007FCE0A /* Release */ = {
			isa = XCBuildConfiguration;
			buildSettings = {
				ALWAYS_SEARCH_USER_PATHS = NO;
				CLANG_CXX_LANGUAGE_STANDARD = "gnu++0x";
				CLANG_CXX_LIBRARY = "libc++";
				CLANG_ENABLE_MODULES = YES;
				CLANG_ENABLE_OBJC_ARC = YES;
				CLANG_WARN_BOOL_CONVERSION = YES;
				CLANG_WARN_CONSTANT_CONVERSION = YES;
				CLANG_WARN_DIRECT_OBJC_ISA_USAGE = YES_ERROR;
				CLANG_WARN_EMPTY_BODY = YES;
				CLANG_WARN_ENUM_CONVERSION = YES;
				CLANG_WARN_INT_CONVERSION = YES;
				CLANG_WARN_OBJC_ROOT_CLASS = YES_ERROR;
				CLANG_WARN_UNREACHABLE_CODE = YES;
				CLANG_WARN__DUPLICATE_METHOD_MATCH = YES;
				"CODE_SIGN_IDENTITY[sdk=iphoneos*]" = "iPhone Developer";
				COPY_PHASE_STRIP = NO;
				DEBUG_INFORMATION_FORMAT = "dwarf-with-dsym";
				ENABLE_NS_ASSERTIONS = NO;
				ENABLE_STRICT_OBJC_MSGSEND = YES;
				GCC_C_LANGUAGE_STANDARD = gnu99;
				GCC_NO_COMMON_BLOCKS = YES;
				GCC_WARN_64_TO_32_BIT_CONVERSION = YES;
				GCC_WARN_ABOUT_RETURN_TYPE = YES_ERROR;
				GCC_WARN_UNDECLARED_SELECTOR = YES;
				GCC_WARN_UNINITIALIZED_AUTOS = YES_AGGRESSIVE;
				GCC_WARN_UNUSED_FUNCTION = YES;
				GCC_WARN_UNUSED_VARIABLE = YES;
				IPHONEOS_DEPLOYMENT_TARGET = 9.2;
				MTL_ENABLE_DEBUG_INFO = NO;
				SDKROOT = iphoneos;
				VALIDATE_PRODUCT = YES;
			};
			name = Release;
		};
		8759B8401C52165C007FCE0A /* Debug */ = {
			isa = XCBuildConfiguration;
			buildSettings = {
				ASSETCATALOG_COMPILER_APPICON_NAME = AppIcon;
				INFOPLIST_FILE = HomeAccessBeacon/Info.plist;
				LD_RUNPATH_SEARCH_PATHS = "$(inherited) @executable_path/Frameworks";
				PRODUCT_BUNDLE_IDENTIFIER = com.MarcoLi.HomeAccessBeacon;
				PRODUCT_NAME = "$(TARGET_NAME)";
			};
			name = Debug;
		};
		8759B8411C52165C007FCE0A /* Release */ = {
			isa = XCBuildConfiguration;
			buildSettings = {
				ASSETCATALOG_COMPILER_APPICON_NAME = AppIcon;
				INFOPLIST_FILE = HomeAccessBeacon/Info.plist;
				LD_RUNPATH_SEARCH_PATHS = "$(inherited) @executable_path/Frameworks";
				PRODUCT_BUNDLE_IDENTIFIER = com.MarcoLi.HomeAccessBeacon;
				PRODUCT_NAME = "$(TARGET_NAME)";
			};
			name = Release;
		};
		8759B8431C52165C007FCE0A /* Debug */ = {
			isa = XCBuildConfiguration;
			buildSettings = {
				BUNDLE_LOADER = "$(TEST_HOST)";
				INFOPLIST_FILE = HomeAccessBeaconTests/Info.plist;
				LD_RUNPATH_SEARCH_PATHS = "$(inherited) @executable_path/Frameworks @loader_path/Frameworks";
				PRODUCT_BUNDLE_IDENTIFIER = com.MarcoLi.HomeAccessBeaconTests;
				PRODUCT_NAME = "$(TARGET_NAME)";
				TEST_HOST = "$(BUILT_PRODUCTS_DIR)/HomeAccessBeacon.app/HomeAccessBeacon";
			};
			name = Debug;
		};
		8759B8441C52165C007FCE0A /* Release */ = {
			isa = XCBuildConfiguration;
			buildSettings = {
				BUNDLE_LOADER = "$(TEST_HOST)";
				INFOPLIST_FILE = HomeAccessBeaconTests/Info.plist;
				LD_RUNPATH_SEARCH_PATHS = "$(inherited) @executable_path/Frameworks @loader_path/Frameworks";
				PRODUCT_BUNDLE_IDENTIFIER = com.MarcoLi.HomeAccessBeaconTests;
				PRODUCT_NAME = "$(TARGET_NAME)";
				TEST_HOST = "$(BUILT_PRODUCTS_DIR)/HomeAccessBeacon.app/HomeAccessBeacon";
			};
			name = Release;
		};
/* End XCBuildConfiguration section */

/* Begin XCConfigurationList section */
		8759B81D1C52165C007FCE0A /* Build configuration list for PBXProject "HomeAccessBeacon" */ = {
			isa = XCConfigurationList;
			buildConfigurations = (
				8759B83D1C52165C007FCE0A /* Debug */,
				8759B83E1C52165C007FCE0A /* Release */,
			);
			defaultConfigurationIsVisible = 0;
			defaultConfigurationName = Release;
		};
		8759B83F1C52165C007FCE0A /* Build configuration list for PBXNativeTarget "HomeAccessBeacon" */ = {
			isa = XCConfigurationList;
			buildConfigurations = (
				8759B8401C52165C007FCE0A /* Debug */,
				8759B8411C52165C007FCE0A /* Release */,
			);
			defaultConfigurationIsVisible = 0;
		};
		8759B8421C52165C007FCE0A /* Build configuration list for PBXNativeTarget "HomeAccessBeaconTests" */ = {
			isa = XCConfigurationList;
			buildConfigurations = (
				8759B8431C52165C007FCE0A /* Debug */,
				8759B8441C52165C007FCE0A /* Release */,
			);
			defaultConfigurationIsVisible = 0;
		};
/* End XCConfigurationList section */
	};
	rootObject = 8759B81A1C52165C007FCE0A /* Project object */;
}
